# THIS IS AN AUTOGENERATED FILE. DO NOT EDIT THIS FILE DIRECTLY.
# yarn lockfile v1


axios@^0.20.0:
  version "0.20.0"
  resolved "https://registry.yarnpkg.com/axios/-/axios-0.20.0.tgz#057ba30f04884694993a8cd07fa394cff11c50bd"
  integrity sha512-ANA4rr2BDcmmAQLOKft2fufrtuvlqR+cXNNinUmvfeSNCOF98PZL+7M/v1zIdGo7OLjEA9J2gXJL+j4zGsl0bA==
  dependencies:
    follow-redirects "^1.10.0"

follow-redirects@^1.10.0:
  version "1.13.1"
  resolved "https://registry.yarnpkg.com/follow-redirects/-/follow-redirects-1.13.1.tgz#5f69b813376cee4fd0474a3aba835df04ab763b7"
  integrity sha512-SSG5xmZh1mkPGyKzjZP8zLjltIfpW32Y5QpdNJyjcfGxK3qo3NDDkZOZSFiGn1A6SclQxY9GzEwAHQ3dmYRWpg==

genius-lyrics@^4.1.4:
  version "4.1.4"
  resolved "https://registry.yarnpkg.com/genius-lyrics/-/genius-lyrics-4.1.4.tgz#6e4fb71f94039d703f61ed1e7d2fd9f6956ce1a6"
  integrity sha512-bt0uRY4RG3HOcls1FEZrOWiXg4uxROQx55pUDlNmRvK7c6sovCtGt+7fawiQbA642Qe4YHChE6MCSfsKAHQ1YA==
  dependencies:
    axios "^0.20.0"
    node-html-parser "^1.2.20"

he@1.2.0:
  version "1.2.0"
  resolved "https://registry.yarnpkg.com/he/-/he-1.2.0.tgz#84ae65fa7eafb165fddb61566ae14baf05664f0f"
  integrity sha512-F/1DnUGPopORZi0ni+CvrCgHQ5FyEAHRLSApuYWMmrbSwoN2Mn/7k+Gl38gJnR7yyDZk6WLXwiGod1JOWNDKGw==

node-html-parser@^1.2.20:
  version "1.4.9"
  resolved "https://registry.yarnpkg.com/node-html-parser/-/node-html-parser-1.4.9.tgz#3c8f6cac46479fae5800725edb532e9ae8fd816c"
  integrity sha512-UVcirFD1Bn0O+TSmloHeHqZZCxHjvtIeGdVdGMhyZ8/PWlEiZaZ5iJzR189yKZr8p0FXN58BUeC7RHRkf/KYGw==
  dependencies:
    he "1.2.0"
